{
  "name": "workspace",
  "lockfileVersion": 2,
  "requires": true,
  "packages": {
    "": {
      "devDependencies": {
        "markdown-it-plantuml": "^1.4.1"
      }
    },
    "node_modules/markdown-it-plantuml": {
      "version": "1.4.1",
      "resolved": "https://registry.npmjs.org/markdown-it-plantuml/-/markdown-it-plantuml-1.4.1.tgz",
      "integrity": "sha512-13KgnZaGYTHBp4iUmGofzZSBz+Zj6cyqfR0SXUIc9wgWTto5Xhn7NjaXYxY0z7uBeTUMlc9LMQq5uP4OM5xCHg==",
      "dev": true
    }
  },
  "dependencies": {
    "markdown-it-plantuml": {
      "version": "1.4.1",
      "resolved": "https://registry.npmjs.org/markdown-it-plantuml/-/markdown-it-plantuml-1.4.1.tgz",
      "integrity": "sha512-13KgnZaGYTHBp4iUmGofzZSBz+Zj6cyqfR0SXUIc9wgWTto5Xhn7NjaXYxY0z7uBeTUMlc9LMQq5uP4OM5xCHg==",
      "dev": true
    }
  }
}
